{
  "version": 4,
  "terraform_version": "1.7.2",
  "serial": 6,
  "lineage": "ed48cd5c-f52a-0942-158c-b772ea098b71",
  "outputs": {},
  "resources": [
    {
      "module": "module.network",
      "mode": "managed",
      "type": "libvirt_network",
      "name": "cluster_net",
      "provider": "provider[\"registry.terraform.io/dmacvicar/libvirt\"]",
      "instances": [
        {
          "schema_version": 0,
          "attributes": {
            "addresses": [
              "10.100.0.0/24"
            ],
            "autostart": true,
            "bridge": "virbr3",
            "dhcp": [
              {
                "enabled": false
              }
            ],
            "dns": [
              {
                "enabled": true,
                "forwarders": [],
                "hosts": [],
                "local_only": false,
                "srvs": []
              }
            ],
            "dnsmasq_options": [],
            "domain": "kolide-test.test",
            "id": "1e3663e5-3217-4443-b912-3c56434afc4e",
            "mode": "nat",
            "mtu": null,
            "name": "kolide-test",
            "routes": [],
            "xml": []
          },
          "sensitive_attributes": [],
          "private": "bnVsbA=="
        }
      ]
    },
    {
      "module": "module.vm",
      "mode": "managed",
      "type": "libvirt_cloudinit_disk",
      "name": "vm_init",
      "provider": "provider[\"registry.terraform.io/dmacvicar/libvirt\"]",
      "instances": [
        {
          "index_key": 0,
          "schema_version": 0,
          "attributes": {
            "id": "/var/lib/libvirt/images/dustin-0_cloudinit.iso;04ec5d69-9630-41b9-92bf-810b4043602a",
            "meta_data": "",
            "name": "dustin-0_cloudinit.iso",
            "network_config": "",
            "pool": "default",
            "user_data": "#cloud-config\nfqdn: dustin-0.kolide-test.test\nmanage_etc_hosts: true\nusers:\n  - name: dustin\n    sudo: ALL=(ALL) NOPASSWD:ALL\n    groups: users, admin\n    home: /home/dustin\n    shell: /bin/bash\n    passwd: '$6$eSiMWLr1mDaOtUGX$9N3ExuWLeo3lqA4P7DFxrTB2fQIS/1rIAzXDmLn/IOPlXdJ.yiEUIP2xuGrodxeATCM5QOsC8PMjM2hI73uE91'\n    lock_passwd: false\n    ssh-authorized-keys:\n      - \"ssh-ed25519 AAAAC3NzaC1lZDI1NTE5AAAAICF9sPiX7zVCn+SW7bQpgS+dhUlVJYNktP6PO4mJWUJZ dustin@bashfulrobot.com\"\n  - name: root\n    home: /root\n    shell: /bin/bash\n    passwd: '$6$eSiMWLr1mDaOtUGX$9N3ExuWLeo3lqA4P7DFxrTB2fQIS/1rIAzXDmLn/IOPlXdJ.yiEUIP2xuGrodxeATCM5QOsC8PMjM2hI73uE91'\n    lock_passwd: false\n    ssh-authorized-keys:\n      - \"ssh-ed25519 AAAAC3NzaC1lZDI1NTE5AAAAICF9sPiX7zVCn+SW7bQpgS+dhUlVJYNktP6PO4mJWUJZ dustin@bashfulrobot.com\"\nssh_pwauth: True\nruncmd:\n  - [ bash, -c, 'echo \"Cloud-init start: $(TZ=\":America/Vancouver\" date \"+%Y-%m-%d %H:%M:%S.%N %Z\")\" \u003e\u003e /home/dustin/cloud-init-run.log' ]\n  - [ bash, -c, 'echo \"Cloud-init end: $(TZ=\":America/Vancouver\" date \"+%Y-%m-%d %H:%M:%S.%N %Z\")\" \u003e\u003e /home/dustin/cloud-init-run.log' ]\n"
          },
          "sensitive_attributes": [],
          "private": "bnVsbA==",
          "dependencies": [
            "module.network.libvirt_network.cluster_net"
          ]
        }
      ]
    },
    {
      "module": "module.vm",
      "mode": "managed",
      "type": "libvirt_domain",
      "name": "vm",
      "provider": "provider[\"registry.terraform.io/dmacvicar/libvirt\"]",
      "instances": [
        {
          "index_key": 0,
          "schema_version": 0,
          "attributes": {
            "arch": "x86_64",
            "autostart": true,
            "boot_device": [],
            "cloudinit": "/var/lib/libvirt/images/dustin-0_cloudinit.iso;04ec5d69-9630-41b9-92bf-810b4043602a",
            "cmdline": null,
            "console": [
              {
                "source_host": "127.0.0.1",
                "source_path": "",
                "source_service": "0",
                "target_port": "0",
                "target_type": "serial",
                "type": "pty"
              },
              {
                "source_host": "127.0.0.1",
                "source_path": "",
                "source_service": "0",
                "target_port": "1",
                "target_type": "virtio",
                "type": "pty"
              }
            ],
            "coreos_ignition": null,
            "cpu": [
              {
                "mode": "host-passthrough"
              }
            ],
            "description": "",
            "disk": [
              {
                "block_device": "",
                "file": "",
                "scsi": false,
                "url": "",
                "volume_id": "/var/lib/libvirt/images/dustin-0",
                "wwn": ""
              }
            ],
            "emulator": "/run/libvirt/nix-emulators/qemu-system-x86_64",
            "filesystem": [],
            "firmware": null,
            "fw_cfg_name": "opt/com.coreos/config",
            "graphics": [],
            "id": "cfef3d8c-9a49-4f78-8c26-9cb21854a5b2",
            "initrd": "",
            "kernel": "",
            "machine": "pc",
            "memory": 8192,
            "metadata": null,
            "name": "dustin-0",
            "network_interface": [
              {
                "addresses": [],
                "bridge": "",
                "hostname": "dustin-0",
                "mac": "52:54:00:42:B5:1F",
                "macvtap": "",
                "network_id": "1e3663e5-3217-4443-b912-3c56434afc4e",
                "network_name": "kolide-test",
                "passthrough": "",
                "vepa": "",
                "wait_for_lease": false
              }
            ],
            "nvram": [],
            "qemu_agent": false,
            "running": true,
            "timeouts": null,
            "tpm": [],
            "type": "kvm",
            "vcpu": 4,
            "video": [
              {
                "type": "qxl"
              }
            ],
            "xml": []
          },
          "sensitive_attributes": [],
          "private": "eyJlMmJmYjczMC1lY2FhLTExZTYtOGY4OC0zNDM2M2JjN2M0YzAiOnsiY3JlYXRlIjozMDAwMDAwMDAwMDB9fQ==",
          "dependencies": [
            "module.network.libvirt_network.cluster_net",
            "module.vm.libvirt_cloudinit_disk.vm_init",
            "module.vm.libvirt_volume.base-os-volume",
            "module.vm.libvirt_volume.vm"
          ]
        }
      ]
    },
    {
      "module": "module.vm",
      "mode": "managed",
      "type": "libvirt_volume",
      "name": "base-os-volume",
      "provider": "provider[\"registry.terraform.io/dmacvicar/libvirt\"]",
      "instances": [
        {
          "schema_version": 0,
          "attributes": {
            "base_volume_id": null,
            "base_volume_name": null,
            "base_volume_pool": null,
            "format": "qcow2",
            "id": "/var/lib/libvirt/images/kolide-test-os",
            "name": "kolide-test-os",
            "pool": "default",
            "size": 2361393152,
            "source": "file:///var/lib/libvirt/images/jammy-server-cloudimg-amd64-disk-kvm.img",
            "xml": []
          },
          "sensitive_attributes": [],
          "private": "bnVsbA=="
        }
      ]
    },
    {
      "module": "module.vm",
      "mode": "managed",
      "type": "libvirt_volume",
      "name": "vm",
      "provider": "provider[\"registry.terraform.io/dmacvicar/libvirt\"]",
      "instances": [
        {
          "index_key": 0,
          "schema_version": 0,
          "attributes": {
            "base_volume_id": "/var/lib/libvirt/images/kolide-test-os",
            "base_volume_name": null,
            "base_volume_pool": null,
            "format": "qcow2",
            "id": "/var/lib/libvirt/images/dustin-0",
            "name": "dustin-0",
            "pool": "default",
            "size": 107374182400,
            "source": null,
            "xml": []
          },
          "sensitive_attributes": [],
          "private": "bnVsbA==",
          "dependencies": [
            "module.vm.libvirt_volume.base-os-volume"
          ]
        }
      ]
    }
  ],
  "check_results": [
    {
      "object_kind": "var",
      "config_addr": "var.datavm_count",
      "status": "pass",
      "objects": [
        {
          "object_addr": "var.datavm_count",
          "status": "pass"
        }
      ]
    },
    {
      "object_kind": "var",
      "config_addr": "var.vm_count",
      "status": "pass",
      "objects": [
        {
          "object_addr": "var.vm_count",
          "status": "pass"
        }
      ]
    },
    {
      "object_kind": "var",
      "config_addr": "module.vm.var.kvm_subnet_prefix",
      "status": "pass",
      "objects": [
        {
          "object_addr": "module.vm.var.kvm_subnet_prefix",
          "status": "pass"
        }
      ]
    },
    {
      "object_kind": "var",
      "config_addr": "module.vm.var.vm_count",
      "status": "pass",
      "objects": [
        {
          "object_addr": "module.vm.var.vm_count",
          "status": "pass"
        }
      ]
    }
  ]
}
